
Microsoft Visual Studio Solution File, Format Version 12.00
# Visual Studio Version 18
VisualStudioVersion = 18.6.11806.211
MinimumVisualStudioVersion = 10.0.40219.1
Project("{9A19103F-16F7-4668-BE54-9A1E7A4F7556}") = "TinyWall", "TinyWall\TinyWall.csproj", "{16CD254D-9D71-4EA4-ABB4-9DC0AB52E6D2}"
EndProject
Project("{2150E333-8FDC-42A3-9474-1A3956D46DE8}") = ".github", ".github", "{13DB36F0-9AAE-42DE-B349-E27E474620ED}"
EndProject
Project("{2150E333-8FDC-42A3-9474-1A3956D46DE8}") = "workflows", "workflows", "{FCC40604-B187-4249-95B3-3CD5C10DC32D}"
	ProjectSection(SolutionItems) = preProject
		.github\workflows\Build-TinyWall-NETFramework.yml = .github\workflows\Build-TinyWall-NETFramework.yml
	EndProjectSection
EndProject
Project("{2150E333-8FDC-42A3-9474-1A3956D46DE8}") = "Solution Items", "Solution Items", "{1E9D516C-C8F7-439C-A312-1214E92001F8}"
	ProjectSection(SolutionItems) = preProject
		.gitignore = .gitignore
		LICENCE.txt = LICENCE.txt
		README.md = README.md
	EndProjectSection
EndProject
Project("{54435603-DBB4-11D2-8724-00A0C9A8B90C}") = "TinyWallSetup", "TinyWallSetup\TinyWallSetup.vdproj", "{1F810BBC-056E-4EE8-B01B-F6791BBABC48}"
EndProject
Project("{FAE04EC0-301F-11D3-BF4B-00C04F79EFBC}") = "ModernTinyWall", "ModernTinyWall\ModernTinyWall.csproj", "{64CF0CCE-BAC3-59A3-DD34-1B9C9548660B}"
EndProject
Project("{FAE04EC0-301F-11D3-BF4B-00C04F79EFBC}") = "TinyWall.Core", "TinyWall.Core\TinyWall.Core.csproj", "{021B8CEA-D06F-86B1-4321-2BA305061A6C}"
EndProject
Project("{FAE04EC0-301F-11D3-BF4B-00C04F79EFBC}") = "ModernTinyWall.Utilities", "ModernTinyWall.Utilities\ModernTinyWall.Utilities.csproj", "{CD60A7F6-7BC9-364A-08F9-9A123C054478}"
EndProject
Project("{FAE04EC0-301F-11D3-BF4B-00C04F79EFBC}") = "ModernTinyWall.Windows", "ModernTinyWall.Windows\ModernTinyWall.Windows.csproj", "{DBDA7A03-C613-90FE-6643-BD1BF07BE6FE}"
EndProject
Project("{FAE04EC0-301F-11D3-BF4B-00C04F79EFBC}") = "ModernTinyWall.Windows.Services", "ModernTinyWall.Windows.Services\ModernTinyWall.Windows.Services.csproj", "{E5D1B1B8-FC28-30DA-6522-F95BF91CCCD9}"
EndProject
Project("{FAE04EC0-301F-11D3-BF4B-00C04F79EFBC}") = "ModernTinyWall.Windows.WFP", "ModernTinyWall.Windows.WFP\ModernTinyWall.Windows.WFP.csproj", "{AF091758-8CFA-17AE-8700-D4202B3F38B0}"
EndProject
Global
	GlobalSection(SolutionConfigurationPlatforms) = preSolution
		Debug|Any CPU = Debug|Any CPU
		Debug|ARM64 = Debug|ARM64
		Debug|x64 = Debug|x64
		Debug|x86 = Debug|x86
		Release|Any CPU = Release|Any CPU
		Release|ARM64 = Release|ARM64
		Release|x64 = Release|x64
		Release|x86 = Release|x86
	EndGlobalSection
	GlobalSection(ProjectConfigurationPlatforms) = postSolution
		{16CD254D-9D71-4EA4-ABB4-9DC0AB52E6D2}.Debug|Any CPU.ActiveCfg = Debug|Any CPU
		{16CD254D-9D71-4EA4-ABB4-9DC0AB52E6D2}.Debug|Any CPU.Build.0 = Debug|Any CPU
		{16CD254D-9D71-4EA4-ABB4-9DC0AB52E6D2}.Debug|ARM64.ActiveCfg = Debug|Any CPU
		{16CD254D-9D71-4EA4-ABB4-9DC0AB52E6D2}.Debug|ARM64.Build.0 = Debug|Any CPU
		{16CD254D-9D71-4EA4-ABB4-9DC0AB52E6D2}.Debug|x64.ActiveCfg = Debug|Any CPU
		{16CD254D-9D71-4EA4-ABB4-9DC0AB52E6D2}.Debug|x64.Build.0 = Debug|Any CPU
		{16CD254D-9D71-4EA4-ABB4-9DC0AB52E6D2}.Debug|x86.ActiveCfg = Debug|Any CPU
		{16CD254D-9D71-4EA4-ABB4-9DC0AB52E6D2}.Debug|x86.Build.0 = Debug|Any CPU
		{16CD254D-9D71-4EA4-ABB4-9DC0AB52E6D2}.Release|Any CPU.ActiveCfg = Release|Any CPU
		{16CD254D-9D71-4EA4-ABB4-9DC0AB52E6D2}.Release|Any CPU.Build.0 = Release|Any CPU
		{16CD254D-9D71-4EA4-ABB4-9DC0AB52E6D2}.Release|ARM64.ActiveCfg = Release|Any CPU
		{16CD254D-9D71-4EA4-ABB4-9DC0AB52E6D2}.Release|ARM64.Build.0 = Release|Any CPU
		{16CD254D-9D71-4EA4-ABB4-9DC0AB52E6D2}.Release|x64.ActiveCfg = Release|Any CPU
		{16CD254D-9D71-4EA4-ABB4-9DC0AB52E6D2}.Release|x64.Build.0 = Release|Any CPU
		{16CD254D-9D71-4EA4-ABB4-9DC0AB52E6D2}.Release|x86.ActiveCfg = Release|Any CPU
		{16CD254D-9D71-4EA4-ABB4-9DC0AB52E6D2}.Release|x86.Build.0 = Release|Any CPU
		{1F810BBC-056E-4EE8-B01B-F6791BBABC48}.Debug|Any CPU.ActiveCfg = Debug|Any CPU
		{1F810BBC-056E-4EE8-B01B-F6791BBABC48}.Debug|ARM64.ActiveCfg = Debug|ARM64
		{1F810BBC-056E-4EE8-B01B-F6791BBABC48}.Debug|x64.ActiveCfg = Debug|x64
		{1F810BBC-056E-4EE8-B01B-F6791BBABC48}.Debug|x86.ActiveCfg = Debug|x86
		{1F810BBC-056E-4EE8-B01B-F6791BBABC48}.Release|Any CPU.ActiveCfg = Release|Any CPU
		{1F810BBC-056E-4EE8-B01B-F6791BBABC48}.Release|ARM64.ActiveCfg = Release|ARM64
		{1F810BBC-056E-4EE8-B01B-F6791BBABC48}.Release|x64.ActiveCfg = Release|x64
		{1F810BBC-056E-4EE8-B01B-F6791BBABC48}.Release|x86.ActiveCfg = Release|x86
		{64CF0CCE-BAC3-59A3-DD34-1B9C9548660B}.Debug|Any CPU.ActiveCfg = Debug|Any CPU
		{64CF0CCE-BAC3-59A3-DD34-1B9C9548660B}.Debug|Any CPU.Build.0 = Debug|Any CPU
		{64CF0CCE-BAC3-59A3-DD34-1B9C9548660B}.Debug|ARM64.ActiveCfg = Debug|ARM64
		{64CF0CCE-BAC3-59A3-DD34-1B9C9548660B}.Debug|ARM64.Build.0 = Debug|ARM64
		{64CF0CCE-BAC3-59A3-DD34-1B9C9548660B}.Debug|x64.ActiveCfg = Debug|x64
		{64CF0CCE-BAC3-59A3-DD34-1B9C9548660B}.Debug|x64.Build.0 = Debug|x64
		{64CF0CCE-BAC3-59A3-DD34-1B9C9548660B}.Debug|x86.ActiveCfg = Debug|x86
		{64CF0CCE-BAC3-59A3-DD34-1B9C9548660B}.Debug|x86.Build.0 = Debug|x86
		{64CF0CCE-BAC3-59A3-DD34-1B9C9548660B}.Release|Any CPU.ActiveCfg = Release|x64
		{64CF0CCE-BAC3-59A3-DD34-1B9C9548660B}.Release|Any CPU.Build.0 = Release|x64
		{64CF0CCE-BAC3-59A3-DD34-1B9C9548660B}.Release|ARM64.ActiveCfg = Release|ARM64
		{64CF0CCE-BAC3-59A3-DD34-1B9C9548660B}.Release|ARM64.Build.0 = Release|ARM64
		{64CF0CCE-BAC3-59A3-DD34-1B9C9548660B}.Release|x64.ActiveCfg = Release|x64
		{64CF0CCE-BAC3-59A3-DD34-1B9C9548660B}.Release|x64.Build.0 = Release|x64
		{64CF0CCE-BAC3-59A3-DD34-1B9C9548660B}.Release|x86.ActiveCfg = Release|x86
		{64CF0CCE-BAC3-59A3-DD34-1B9C9548660B}.Release|x86.Build.0 = Release|x86
		{021B8CEA-D06F-86B1-4321-2BA305061A6C}.Debug|Any CPU.ActiveCfg = Debug|Any CPU
		{021B8CEA-D06F-86B1-4321-2BA305061A6C}.Debug|Any CPU.Build.0 = Debug|Any CPU
		{021B8CEA-D06F-86B1-4321-2BA305061A6C}.Debug|ARM64.ActiveCfg = Debug|Any CPU
		{021B8CEA-D06F-86B1-4321-2BA305061A6C}.Debug|ARM64.Build.0 = Debug|Any CPU
		{021B8CEA-D06F-86B1-4321-2BA305061A6C}.Debug|x64.ActiveCfg = Debug|Any CPU
		{021B8CEA-D06F-86B1-4321-2BA305061A6C}.Debug|x64.Build.0 = Debug|Any CPU
		{021B8CEA-D06F-86B1-4321-2BA305061A6C}.Debug|x86.ActiveCfg = Debug|Any CPU
		{021B8CEA-D06F-86B1-4321-2BA305061A6C}.Debug|x86.Build.0 = Debug|Any CPU
		{021B8CEA-D06F-86B1-4321-2BA305061A6C}.Release|Any CPU.ActiveCfg = Release|Any CPU
		{021B8CEA-D06F-86B1-4321-2BA305061A6C}.Release|Any CPU.Build.0 = Release|Any CPU
		{021B8CEA-D06F-86B1-4321-2BA305061A6C}.Release|ARM64.ActiveCfg = Release|Any CPU
		{021B8CEA-D06F-86B1-4321-2BA305061A6C}.Release|ARM64.Build.0 = Release|Any CPU
		{021B8CEA-D06F-86B1-4321-2BA305061A6C}.Release|x64.ActiveCfg = Release|Any CPU
		{021B8CEA-D06F-86B1-4321-2BA305061A6C}.Release|x64.Build.0 = Release|Any CPU
		{021B8CEA-D06F-86B1-4321-2BA305061A6C}.Release|x86.ActiveCfg = Release|Any CPU
		{021B8CEA-D06F-86B1-4321-2BA305061A6C}.Release|x86.Build.0 = Release|Any CPU
		{CD60A7F6-7BC9-364A-08F9-9A123C054478}.Debug|Any CPU.ActiveCfg = Debug|Any CPU
		{CD60A7F6-7BC9-364A-08F9-9A123C054478}.Debug|Any CPU.Build.0 = Debug|Any CPU
		{CD60A7F6-7BC9-364A-08F9-9A123C054478}.Debug|ARM64.ActiveCfg = Debug|Any CPU
		{CD60A7F6-7BC9-364A-08F9-9A123C054478}.Debug|ARM64.Build.0 = Debug|Any CPU
		{CD60A7F6-7BC9-364A-08F9-9A123C054478}.Debug|x64.ActiveCfg = Debug|Any CPU
		{CD60A7F6-7BC9-364A-08F9-9A123C054478}.Debug|x64.Build.0 = Debug|Any CPU
		{CD60A7F6-7BC9-364A-08F9-9A123C054478}.Debug|x86.ActiveCfg = Debug|Any CPU
		{CD60A7F6-7BC9-364A-08F9-9A123C054478}.Debug|x86.Build.0 = Debug|Any CPU
		{CD60A7F6-7BC9-364A-08F9-9A123C054478}.Release|Any CPU.ActiveCfg = Release|Any CPU
		{CD60A7F6-7BC9-364A-08F9-9A123C054478}.Release|Any CPU.Build.0 = Release|Any CPU
		{CD60A7F6-7BC9-364A-08F9-9A123C054478}.Release|ARM64.ActiveCfg = Release|Any CPU
		{CD60A7F6-7BC9-364A-08F9-9A123C054478}.Release|ARM64.Build.0 = Release|Any CPU
		{CD60A7F6-7BC9-364A-08F9-9A123C054478}.Release|x64.ActiveCfg = Release|Any CPU
		{CD60A7F6-7BC9-364A-08F9-9A123C054478}.Release|x64.Build.0 = Release|Any CPU
		{CD60A7F6-7BC9-364A-08F9-9A123C054478}.Release|x86.ActiveCfg = Release|Any CPU
		{CD60A7F6-7BC9-364A-08F9-9A123C054478}.Release|x86.Build.0 = Release|Any CPU
		{DBDA7A03-C613-90FE-6643-BD1BF07BE6FE}.Debug|Any CPU.ActiveCfg = Debug|Any CPU
		{DBDA7A03-C613-90FE-6643-BD1BF07BE6FE}.Debug|Any CPU.Build.0 = Debug|Any CPU
		{DBDA7A03-C613-90FE-6643-BD1BF07BE6FE}.Debug|ARM64.ActiveCfg = Debug|Any CPU
		{DBDA7A03-C613-90FE-6643-BD1BF07BE6FE}.Debug|ARM64.Build.0 = Debug|Any CPU
		{DBDA7A03-C613-90FE-6643-BD1BF07BE6FE}.Debug|x64.ActiveCfg = Debug|Any CPU
		{DBDA7A03-C613-90FE-6643-BD1BF07BE6FE}.Debug|x64.Build.0 = Debug|Any CPU
		{DBDA7A03-C613-90FE-6643-BD1BF07BE6FE}.Debug|x86.ActiveCfg = Debug|Any CPU
		{DBDA7A03-C613-90FE-6643-BD1BF07BE6FE}.Debug|x86.Build.0 = Debug|Any CPU
		{DBDA7A03-C613-90FE-6643-BD1BF07BE6FE}.Release|Any CPU.ActiveCfg = Release|Any CPU
		{DBDA7A03-C613-90FE-6643-BD1BF07BE6FE}.Release|Any CPU.Build.0 = Release|Any CPU
		{DBDA7A03-C613-90FE-6643-BD1BF07BE6FE}.Release|ARM64.ActiveCfg = Release|Any CPU
		{DBDA7A03-C613-90FE-6643-BD1BF07BE6FE}.Release|ARM64.Build.0 = Release|Any CPU
		{DBDA7A03-C613-90FE-6643-BD1BF07BE6FE}.Release|x64.ActiveCfg = Release|Any CPU
		{DBDA7A03-C613-90FE-6643-BD1BF07BE6FE}.Release|x64.Build.0 = Release|Any CPU
		{DBDA7A03-C613-90FE-6643-BD1BF07BE6FE}.Release|x86.ActiveCfg = Release|Any CPU
		{DBDA7A03-C613-90FE-6643-BD1BF07BE6FE}.Release|x86.Build.0 = Release|Any CPU
		{E5D1B1B8-FC28-30DA-6522-F95BF91CCCD9}.Debug|Any CPU.ActiveCfg = Debug|Any CPU
		{E5D1B1B8-FC28-30DA-6522-F95BF91CCCD9}.Debug|Any CPU.Build.0 = Debug|Any CPU
		{E5D1B1B8-FC28-30DA-6522-F95BF91CCCD9}.Debug|ARM64.ActiveCfg = Debug|Any CPU
		{E5D1B1B8-FC28-30DA-6522-F95BF91CCCD9}.Debug|ARM64.Build.0 = Debug|Any CPU
		{E5D1B1B8-FC28-30DA-6522-F95BF91CCCD9}.Debug|x64.ActiveCfg = Debug|Any CPU
		{E5D1B1B8-FC28-30DA-6522-F95BF91CCCD9}.Debug|x64.Build.0 = Debug|Any CPU
		{E5D1B1B8-FC28-30DA-6522-F95BF91CCCD9}.Debug|x86.ActiveCfg = Debug|Any CPU
		{E5D1B1B8-FC28-30DA-6522-F95BF91CCCD9}.Debug|x86.Build.0 = Debug|Any CPU
		{E5D1B1B8-FC28-30DA-6522-F95BF91CCCD9}.Release|Any CPU.ActiveCfg = Release|Any CPU
		{E5D1B1B8-FC28-30DA-6522-F95BF91CCCD9}.Release|Any CPU.Build.0 = Release|Any CPU
		{E5D1B1B8-FC28-30DA-6522-F95BF91CCCD9}.Release|ARM64.ActiveCfg = Release|Any CPU
		{E5D1B1B8-FC28-30DA-6522-F95BF91CCCD9}.Release|ARM64.Build.0 = Release|Any CPU
		{E5D1B1B8-FC28-30DA-6522-F95BF91CCCD9}.Release|x64.ActiveCfg = Release|Any CPU
		{E5D1B1B8-FC28-30DA-6522-F95BF91CCCD9}.Release|x64.Build.0 = Release|Any CPU
		{E5D1B1B8-FC28-30DA-6522-F95BF91CCCD9}.Release|x86.ActiveCfg = Release|Any CPU
		{E5D1B1B8-FC28-30DA-6522-F95BF91CCCD9}.Release|x86.Build.0 = Release|Any CPU
		{AF091758-8CFA-17AE-8700-D4202B3F38B0}.Debug|Any CPU.ActiveCfg = Debug|Any CPU
		{AF091758-8CFA-17AE-8700-D4202B3F38B0}.Debug|Any CPU.Build.0 = Debug|Any CPU
		{AF091758-8CFA-17AE-8700-D4202B3F38B0}.Debug|ARM64.ActiveCfg = Debug|Any CPU
		{AF091758-8CFA-17AE-8700-D4202B3F38B0}.Debug|ARM64.Build.0 = Debug|Any CPU
		{AF091758-8CFA-17AE-8700-D4202B3F38B0}.Debug|x64.ActiveCfg = Debug|Any CPU
		{AF091758-8CFA-17AE-8700-D4202B3F38B0}.Debug|x64.Build.0 = Debug|Any CPU
		{AF091758-8CFA-17AE-8700-D4202B3F38B0}.Debug|x86.ActiveCfg = Debug|Any CPU
		{AF091758-8CFA-17AE-8700-D4202B3F38B0}.Debug|x86.Build.0 = Debug|Any CPU
		{AF091758-8CFA-17AE-8700-D4202B3F38B0}.Release|Any CPU.ActiveCfg = Release|Any CPU
		{AF091758-8CFA-17AE-8700-D4202B3F38B0}.Release|Any CPU.Build.0 = Release|Any CPU
		{AF091758-8CFA-17AE-8700-D4202B3F38B0}.Release|ARM64.ActiveCfg = Release|Any CPU
		{AF091758-8CFA-17AE-8700-D4202B3F38B0}.Release|ARM64.Build.0 = Release|Any CPU
		{AF091758-8CFA-17AE-8700-D4202B3F38B0}.Release|x64.ActiveCfg = Release|Any CPU
		{AF091758-8CFA-17AE-8700-D4202B3F38B0}.Release|x64.Build.0 = Release|Any CPU
		{AF091758-8CFA-17AE-8700-D4202B3F38B0}.Release|x86.ActiveCfg = Release|Any CPU
		{AF091758-8CFA-17AE-8700-D4202B3F38B0}.Release|x86.Build.0 = Release|Any CPU
	EndGlobalSection
	GlobalSection(SolutionProperties) = preSolution
		HideSolutionNode = FALSE
	EndGlobalSection
	GlobalSection(NestedProjects) = preSolution
		{FCC40604-B187-4249-95B3-3CD5C10DC32D} = {13DB36F0-9AAE-42DE-B349-E27E474620ED}
	EndGlobalSection
	GlobalSection(ExtensibilityGlobals) = postSolution
		SolutionGuid = {A40C2CCE-1135-460A-8946-9BF82CE071EF}
	EndGlobalSection
EndGlobal
